
Microsoft Visual Studio Solution File, Format Version 12.00
# Visual Studio Version 16
VisualStudioVersion = 25.0.1706.7
MinimumVisualStudioVersion = 10.0.40219.1
Project("{FAE04EC0-301F-11D3-BF4B-00C04F79EFBC}") = "SubeDocumentos", "SubeDocumentos\SubeDocumentos.csproj", "{3C2ACE35-48A3-49BF-93F4-F495C8568410}"
EndProject
Global
	GlobalSection(SolutionConfigurationPlatforms) = preSolution
		Debug|Any CPU = Debug|Any CPU
		Release|Any CPU = Release|Any CPU
	EndGlobalSection
	GlobalSection(ProjectConfigurationPlatforms) = postSolution
		{3C2ACE35-48A3-49BF-93F4-F495C8568410}.Debug|Any CPU.ActiveCfg = Debug|Any CPU
		{3C2ACE35-48A3-49BF-93F4-F495C8568410}.Debug|Any CPU.Build.0 = Debug|Any CPU
		{3C2ACE35-48A3-49BF-93F4-F495C8568410}.Release|Any CPU.ActiveCfg = Release|Any CPU
		{3C2ACE35-48A3-49BF-93F4-F495C8568410}.Release|Any CPU.Build.0 = Release|Any CPU
	EndGlobalSection
	GlobalSection(SolutionProperties) = preSolution
		HideSolutionNode = FALSE
	EndGlobalSection
	GlobalSection(ExtensibilityGlobals) = postSolution
		SolutionGuid = {D691627F-53E3-4854-B457-5BF560D53B20}
	EndGlobalSection
EndGlobal
